
Microsoft Visual Studio Solution File, Format Version 12.00
# Visual Studio Version 17
VisualStudioVersion = 17.5.001.0
MinimumVisualStudioVersion = 10.0.40219.1
Project("{9A19103F-16F7-4668-BE54-9A1E7A4F7556}") = "T31-projetobase", "T31-projetobase.csproj", "{5FD10819-33AA-402D-9073-EEC63EAD5305}"
EndProject
Global
	GlobalSection(SolutionConfigurationPlatforms) = preSolution
		Debug|Any CPU = Debug|Any CPU
		Release|Any CPU = Release|Any CPU
	EndGlobalSection
	GlobalSection(ProjectConfigurationPlatforms) = postSolution
		{5FD10819-33AA-402D-9073-EEC63EAD5305}.Debug|Any CPU.ActiveCfg = Debug|Any CPU
		{5FD10819-33AA-402D-9073-EEC63EAD5305}.Debug|Any CPU.Build.0 = Debug|Any CPU
		{5FD10819-33AA-402D-9073-EEC63EAD5305}.Release|Any CPU.ActiveCfg = Release|Any CPU
		{5FD10819-33AA-402D-9073-EEC63EAD5305}.Release|Any CPU.Build.0 = Release|Any CPU
	EndGlobalSection
	GlobalSection(SolutionProperties) = preSolution
		HideSolutionNode = FALSE
	EndGlobalSection
	GlobalSection(ExtensibilityGlobals) = postSolution
		SolutionGuid = {CE462350-E8AE-4705-833E-19DF44A005A8}
	EndGlobalSection
EndGlobal
